// !$*UTF8*$!
{
	archiveVersion = 1;
	classes = {
	};
	objectVersion = 55;
	objects = {

/* Begin PBXBuildFile section */
		750DA6EB2D294B66004EBE5E /* AppDelegate.swift in Sources */ = {isa = PBXBuildFile; fileRef = 750DA6EA2D294B66004EBE5E /* AppDelegate.swift */; };
		750DA6ED2D294B66004EBE5E /* SceneDelegate.swift in Sources */ = {isa = PBXBuildFile; fileRef = 750DA6EC2D294B66004EBE5E /* SceneDelegate.swift */; };
		750DA6EF2D294B66004EBE5E /* TabBarController.swift in Sources */ = {isa = PBXBuildFile; fileRef = 750DA6EE2D294B66004EBE5E /* TabBarController.swift */; };
		750DA6F42D294B6C004EBE5E /* Assets.xcassets in Resources */ = {isa = PBXBuildFile; fileRef = 750DA6F32D294B6C004EBE5E /* Assets.xcassets */; };
		750DA6F72D294B6C004EBE5E /* LaunchScreen.storyboard in Resources */ = {isa = PBXBuildFile; fileRef = 750DA6F52D294B6C004EBE5E /* LaunchScreen.storyboard */; };
		750DA7022D295858004EBE5E /* NetworkLayer.swift in Sources */ = {isa = PBXBuildFile; fileRef = 750DA7012D295858004EBE5E /* NetworkLayer.swift */; };
		750DA7052D2968F2004EBE5E /* TextTabController.swift in Sources */ = {isa = PBXBuildFile; fileRef = 750DA7042D2968F2004EBE5E /* TextTabController.swift */; };
		750DA7072D296906004EBE5E /* ImageTabController.swift in Sources */ = {isa = PBXBuildFile; fileRef = 750DA7062D296906004EBE5E /* ImageTabController.swift */; };
		750DA7092D29691D004EBE5E /* SettingsTabController.swift in Sources */ = {isa = PBXBuildFile; fileRef = 750DA7082D29691D004EBE5E /* SettingsTabController.swift */; };
		750DA7322D2D6CAB004EBE5E /* model.swift in Sources */ = {isa = PBXBuildFile; fileRef = 750DA7312D2D6CAA004EBE5E /* model.swift */; };
/* End PBXBuildFile section */

/* Begin PBXFileReference section */
		750DA6E72D294B66004EBE5E /* Lesson3_2.app */ = {isa = PBXFileReference; explicitFileType = wrapper.application; includeInIndex = 0; path = Lesson3_2.app; sourceTree = BUILT_PRODUCTS_DIR; };
		750DA6EA2D294B66004EBE5E /* AppDelegate.swift */ = {isa = PBXFileReference; lastKnownFileType = sourcecode.swift; path = AppDelegate.swift; sourceTree = "<group>"; };
		750DA6EC2D294B66004EBE5E /* SceneDelegate.swift */ = {isa = PBXFileReference; lastKnownFileType = sourcecode.swift; path = SceneDelegate.swift; sourceTree = "<group>"; };
		750DA6EE2D294B66004EBE5E /* TabBarController.swift */ = {isa = PBXFileReference; lastKnownFileType = sourcecode.swift; path = TabBarController.swift; sourceTree = "<group>"; };
		750DA6F32D294B6C004EBE5E /* Assets.xcassets */ = {isa = PBXFileReference; lastKnownFileType = folder.assetcatalog; path = Assets.xcassets; sourceTree = "<group>"; };
		750DA6F62D294B6C004EBE5E /* Base */ = {isa = PBXFileReference; lastKnownFileType = file.storyboard; name = Base; path = Base.lproj/LaunchScreen.storyboard; sourceTree = "<group>"; };
		750DA6F82D294B6C004EBE5E /* Info.plist */ = {isa = PBXFileReference; lastKnownFileType = text.plist.xml; path = Info.plist; sourceTree = "<group>"; };
		750DA7012D295858004EBE5E /* NetworkLayer.swift */ = {isa = PBXFileReference; lastKnownFileType = sourcecode.swift; path = NetworkLayer.swift; sourceTree = "<group>"; };
		750DA7042D2968F2004EBE5E /* TextTabController.swift */ = {isa = PBXFileReference; lastKnownFileType = sourcecode.swift; path = TextTabController.swift; sourceTree = "<group>"; };
		750DA7062D296906004EBE5E /* ImageTabController.swift */ = {isa = PBXFileReference; lastKnownFileType = sourcecode.swift; path = ImageTabController.swift; sourceTree = "<group>"; };
		750DA7082D29691D004EBE5E /* SettingsTabController.swift */ = {isa = PBXFileReference; lastKnownFileType = sourcecode.swift; path = SettingsTabController.swift; sourceTree = "<group>"; };
		750DA7312D2D6CAA004EBE5E /* model.swift */ = {isa = PBXFileReference; lastKnownFileType = sourcecode.swift; path = model.swift; sourceTree = "<group>"; };
/* End PBXFileReference section */

/* Begin PBXFrameworksBuildPhase section */
		750DA6E42D294B66004EBE5E /* Frameworks */ = {
			isa = PBXFrameworksBuildPhase;
			buildActionMask = 2147483647;
			files = (
			);
			runOnlyForDeploymentPostprocessing = 0;
		};
/* End PBXFrameworksBuildPhase section */

/* Begin PBXGroup section */
		750DA6DE2D294B66004EBE5E = {
			isa = PBXGroup;
			children = (
				750DA6E92D294B66004EBE5E /* Lesson3_2 */,
				750DA6E82D294B66004EBE5E /* Products */,
			);
			sourceTree = "<group>";
		};
		750DA6E82D294B66004EBE5E /* Products */ = {
			isa = PBXGroup;
			children = (
				750DA6E72D294B66004EBE5E /* Lesson3_2.app */,
			);
			name = Products;
			sourceTree = "<group>";
		};
		750DA6E92D294B66004EBE5E /* Lesson3_2 */ = {
			isa = PBXGroup;
			children = (
				750DA6FE2D295401004EBE5E /* SetUp */,
				750DA6FF2D29548F004EBE5E /* Model */,
				750DA7002D295497004EBE5E /* Network */,
				750DA7032D2968A4004EBE5E /* TabViews */,
				750DA6EE2D294B66004EBE5E /* TabBarController.swift */,
				750DA6F32D294B6C004EBE5E /* Assets.xcassets */,
				750DA6F52D294B6C004EBE5E /* LaunchScreen.storyboard */,
				750DA6F82D294B6C004EBE5E /* Info.plist */,
			);
			path = Lesson3_2;
			sourceTree = "<group>";
		};
		750DA6FE2D295401004EBE5E /* SetUp */ = {
			isa = PBXGroup;
			children = (
				750DA6EC2D294B66004EBE5E /* SceneDelegate.swift */,
				750DA6EA2D294B66004EBE5E /* AppDelegate.swift */,
			);
			path = SetUp;
			sourceTree = "<group>";
		};
		750DA6FF2D29548F004EBE5E /* Model */ = {
			isa = PBXGroup;
			children = (
				750DA7312D2D6CAA004EBE5E /* model.swift */,
			);
			path = Model;
			sourceTree = "<group>";
		};
		750DA7002D295497004EBE5E /* Network */ = {
			isa = PBXGroup;
			children = (
				750DA7012D295858004EBE5E /* NetworkLayer.swift */,
			);
			path = Network;
			sourceTree = "<group>";
		};
		750DA7032D2968A4004EBE5E /* TabViews */ = {
			isa = PBXGroup;
			children = (
				750DA7042D2968F2004EBE5E /* TextTabController.swift */,
				750DA7062D296906004EBE5E /* ImageTabController.swift */,
				750DA7082D29691D004EBE5E /* SettingsTabController.swift */,
			);
			path = TabViews;
			sourceTree = "<group>";
		};
/* End PBXGroup section */

/* Begin PBXNativeTarget section */
		750DA6E62D294B66004EBE5E /* Lesson3_2 */ = {
			isa = PBXNativeTarget;
			buildConfigurationList = 750DA6FB2D294B6C004EBE5E /* Build configuration list for PBXNativeTarget "Lesson3_2" */;
			buildPhases = (
				750DA6E32D294B66004EBE5E /* Sources */,
				750DA6E42D294B66004EBE5E /* Frameworks */,
				750DA6E52D294B66004EBE5E /* Resources */,
			);
			buildRules = (
			);
			dependencies = (
			);
			name = Lesson3_2;
			productName = Lesson3_2;
			productReference = 750DA6E72D294B66004EBE5E /* Lesson3_2.app */;
			productType = "com.apple.product-type.application";
		};
/* End PBXNativeTarget section */

/* Begin PBXProject section */
		750DA6DF2D294B66004EBE5E /* Project object */ = {
			isa = PBXProject;
			attributes = {
				BuildIndependentTargetsInParallel = 1;
				LastSwiftUpdateCheck = 1320;
				LastUpgradeCheck = 1320;
				TargetAttributes = {
					750DA6E62D294B66004EBE5E = {
						CreatedOnToolsVersion = 13.2.1;
					};
				};
			};
			buildConfigurationList = 750DA6E22D294B66004EBE5E /* Build configuration list for PBXProject "Lesson3_2" */;
			compatibilityVersion = "Xcode 13.0";
			developmentRegion = en;
			hasScannedForEncodings = 0;
			knownRegions = (
				en,
				Base,
			);
			mainGroup = 750DA6DE2D294B66004EBE5E;
			productRefGroup = 750DA6E82D294B66004EBE5E /* Products */;
			projectDirPath = "";
			projectRoot = "";
			targets = (
				750DA6E62D294B66004EBE5E /* Lesson3_2 */,
			);
		};
/* End PBXProject section */

/* Begin PBXResourcesBuildPhase section */
		750DA6E52D294B66004EBE5E /* Resources */ = {
			isa = PBXResourcesBuildPhase;
			buildActionMask = 2147483647;
			files = (
				750DA6F72D294B6C004EBE5E /* LaunchScreen.storyboard in Resources */,
				750DA6F42D294B6C004EBE5E /* Assets.xcassets in Resources */,
			);
			runOnlyForDeploymentPostprocessing = 0;
		};
/* End PBXResourcesBuildPhase section */

/* Begin PBXSourcesBuildPhase section */
		750DA6E32D294B66004EBE5E /* Sources */ = {
			isa = PBXSourcesBuildPhase;
			buildActionMask = 2147483647;
			files = (
				750DA7022D295858004EBE5E /* NetworkLayer.swift in Sources */,
				750DA7092D29691D004EBE5E /* SettingsTabController.swift in Sources */,
				750DA6EF2D294B66004EBE5E /* TabBarController.swift in Sources */,
				750DA7052D2968F2004EBE5E /* TextTabController.swift in Sources */,
				750DA7072D296906004EBE5E /* ImageTabController.swift in Sources */,
				750DA6EB2D294B66004EBE5E /* AppDelegate.swift in Sources */,
				750DA6ED2D294B66004EBE5E /* SceneDelegate.swift in Sources */,
				750DA7322D2D6CAB004EBE5E /* model.swift in Sources */,
			);
			runOnlyForDeploymentPostprocessing = 0;
		};
/* End PBXSourcesBuildPhase section */

/* Begin PBXVariantGroup section */
		750DA6F52D294B6C004EBE5E /* LaunchScreen.storyboard */ = {
			isa = PBXVariantGroup;
			children = (
				750DA6F62D294B6C004EBE5E /* Base */,
			);
			name = LaunchScreen.storyboard;
			sourceTree = "<group>";
		};
/* End PBXVariantGroup section */

/* Begin XCBuildConfiguration section */
		750DA6F92D294B6C004EBE5E /* Debug */ = {
			isa = XCBuildConfiguration;
			buildSettings = {
				ALWAYS_SEARCH_USER_PATHS = NO;
				CLANG_ANALYZER_NONNULL = YES;
				CLANG_ANALYZER_NUMBER_OBJECT_CONVERSION = YES_AGGRESSIVE;
				CLANG_CXX_LANGUAGE_STANDARD = "gnu++17";
				CLANG_CXX_LIBRARY = "libc++";
				CLANG_ENABLE_MODULES = YES;
				CLANG_ENABLE_OBJC_ARC = YES;
				CLANG_ENABLE_OBJC_WEAK = YES;
				CLANG_WARN_BLOCK_CAPTURE_AUTORELEASING = YES;
				CLANG_WARN_BOOL_CONVERSION = YES;
				CLANG_WARN_COMMA = YES;
				CLANG_WARN_CONSTANT_CONVERSION = YES;
				CLANG_WARN_DEPRECATED_OBJC_IMPLEMENTATIONS = YES;
				CLANG_WARN_DIRECT_OBJC_ISA_USAGE = YES_ERROR;
				CLANG_WARN_DOCUMENTATION_COMMENTS = YES;
				CLANG_WARN_EMPTY_BODY = YES;
				CLANG_WARN_ENUM_CONVERSION = YES;
				CLANG_WARN_INFINITE_RECURSION = YES;
				CLANG_WARN_INT_CONVERSION = YES;
				CLANG_WARN_NON_LITERAL_NULL_CONVERSION = YES;
				CLANG_WARN_OBJC_IMPLICIT_RETAIN_SELF = YES;
				CLANG_WARN_OBJC_LITERAL_CONVERSION = YES;
				CLANG_WARN_OBJC_ROOT_CLASS = YES_ERROR;
				CLANG_WARN_QUOTED_INCLUDE_IN_FRAMEWORK_HEADER = YES;
				CLANG_WARN_RANGE_LOOP_ANALYSIS = YES;
				CLANG_WARN_STRICT_PROTOTYPES = YES;
				CLANG_WARN_SUSPICIOUS_MOVE = YES;
				CLANG_WARN_UNGUARDED_AVAILABILITY = YES_AGGRESSIVE;
				CLANG_WARN_UNREACHABLE_CODE = YES;
				CLANG_WARN__DUPLICATE_METHOD_MATCH = YES;
				COPY_PHASE_STRIP = NO;
				DEBUG_INFORMATION_FORMAT = dwarf;
				ENABLE_STRICT_OBJC_MSGSEND = YES;
				ENABLE_TESTABILITY = YES;
				GCC_C_LANGUAGE_STANDARD = gnu11;
				GCC_DYNAMIC_NO_PIC = NO;
				GCC_NO_COMMON_BLOCKS = YES;
				GCC_OPTIMIZATION_LEVEL = 0;
				GCC_PREPROCESSOR_DEFINITIONS = (
					"DEBUG=1",
					"$(inherited)",
				);
				GCC_WARN_64_TO_32_BIT_CONVERSION = YES;
				GCC_WARN_ABOUT_RETURN_TYPE = YES_ERROR;
				GCC_WARN_UNDECLARED_SELECTOR = YES;
				GCC_WARN_UNINITIALIZED_AUTOS = YES_AGGRESSIVE;
				GCC_WARN_UNUSED_FUNCTION = YES;
				GCC_WARN_UNUSED_VARIABLE = YES;
				IPHONEOS_DEPLOYMENT_TARGET = 15.2;
				MTL_ENABLE_DEBUG_INFO = INCLUDE_SOURCE;
				MTL_FAST_MATH = YES;
				ONLY_ACTIVE_ARCH = YES;
				SDKROOT = iphoneos;
				SWIFT_ACTIVE_COMPILATION_CONDITIONS = DEBUG;
				SWIFT_OPTIMIZATION_LEVEL = "-Onone";
			};
			name = Debug;
		};
		750DA6FA2D294B6C004EBE5E /* Release */ = {
			isa = XCBuildConfiguration;
			buildSettings = {
				ALWAYS_SEARCH_USER_PATHS = NO;
				CLANG_ANALYZER_NONNULL = YES;
				CLANG_ANALYZER_NUMBER_OBJECT_CONVERSION = YES_AGGRESSIVE;
				CLANG_CXX_LANGUAGE_STANDARD = "gnu++17";
				CLANG_CXX_LIBRARY = "libc++";
				CLANG_ENABLE_MODULES = YES;
				CLANG_ENABLE_OBJC_ARC = YES;
				CLANG_ENABLE_OBJC_WEAK = YES;
				CLANG_WARN_BLOCK_CAPTURE_AUTORELEASING = YES;
				CLANG_WARN_BOOL_CONVERSION = YES;
				CLANG_WARN_COMMA = YES;
				CLANG_WARN_CONSTANT_CONVERSION = YES;
				CLANG_WARN_DEPRECATED_OBJC_IMPLEMENTATIONS = YES;
				CLANG_WARN_DIRECT_OBJC_ISA_USAGE = YES_ERROR;
				CLANG_WARN_DOCUMENTATION_COMMENTS = YES;
				CLANG_WARN_EMPTY_BODY = YES;
				CLANG_WARN_ENUM_CONVERSION = YES;
				CLANG_WARN_INFINITE_RECURSION = YES;
				CLANG_WARN_INT_CONVERSION = YES;
				CLANG_WARN_NON_LITERAL_NULL_CONVERSION = YES;
				CLANG_WARN_OBJC_IMPLICIT_RETAIN_SELF = YES;
				CLANG_WARN_OBJC_LITERAL_CONVERSION = YES;
				CLANG_WARN_OBJC_ROOT_CLASS = YES_ERROR;
				CLANG_WARN_QUOTED_INCLUDE_IN_FRAMEWORK_HEADER = YES;
				CLANG_WARN_RANGE_LOOP_ANALYSIS = YES;
				CLANG_WARN_STRICT_PROTOTYPES = YES;
				CLANG_WARN_SUSPICIOUS_MOVE = YES;
				CLANG_WARN_UNGUARDED_AVAILABILITY = YES_AGGRESSIVE;
				CLANG_WARN_UNREACHABLE_CODE = YES;
				CLANG_WARN__DUPLICATE_METHOD_MATCH = YES;
				COPY_PHASE_STRIP = NO;
				DEBUG_INFORMATION_FORMAT = "dwarf-with-dsym";
				ENABLE_NS_ASSERTIONS = NO;
				ENABLE_STRICT_OBJC_MSGSEND = YES;
				GCC_C_LANGUAGE_STANDARD = gnu11;
				GCC_NO_COMMON_BLOCKS = YES;
				GCC_WARN_64_TO_32_BIT_CONVERSION = YES;
				GCC_WARN_ABOUT_RETURN_TYPE = YES_ERROR;
				GCC_WARN_UNDECLARED_SELECTOR = YES;
				GCC_WARN_UNINITIALIZED_AUTOS = YES_AGGRESSIVE;
				GCC_WARN_UNUSED_FUNCTION = YES;
				GCC_WARN_UNUSED_VARIABLE = YES;
				IPHONEOS_DEPLOYMENT_TARGET = 15.2;
				MTL_ENABLE_DEBUG_INFO = NO;
				MTL_FAST_MATH = YES;
				SDKROOT = iphoneos;
				SWIFT_COMPILATION_MODE = wholemodule;
				SWIFT_OPTIMIZATION_LEVEL = "-O";
				VALIDATE_PRODUCT = YES;
			};
			name = Release;
		};
		750DA6FC2D294B6C004EBE5E /* Debug */ = {
			isa = XCBuildConfiguration;
			buildSettings = {
				ASSETCATALOG_COMPILER_APPICON_NAME = AppIcon;
				ASSETCATALOG_COMPILER_GLOBAL_ACCENT_COLOR_NAME = AccentColor;
				CODE_SIGN_STYLE = Automatic;
				CURRENT_PROJECT_VERSION = 1;
				GENERATE_INFOPLIST_FILE = YES;
				INFOPLIST_FILE = Lesson3_2/Info.plist;
				INFOPLIST_KEY_UIApplicationSupportsIndirectInputEvents = YES;
				INFOPLIST_KEY_UILaunchStoryboardName = LaunchScreen;
				INFOPLIST_KEY_UISupportedInterfaceOrientations = UIInterfaceOrientationPortrait;
				INFOPLIST_KEY_UISupportedInterfaceOrientations_iPad = "UIInterfaceOrientationPortrait UIInterfaceOrientationPortraitUpsideDown UIInterfaceOrientationLandscapeLeft UIInterfaceOrientationLandscapeRight";
				INFOPLIST_KEY_UISupportedInterfaceOrientations_iPhone = "UIInterfaceOrientationPortrait UIInterfaceOrientationLandscapeLeft UIInterfaceOrientationLandscapeRight";
				LD_RUNPATH_SEARCH_PATHS = (
					"$(inherited)",
					"@executable_path/Frameworks",
				);
				MARKETING_VERSION = 1.0;
				PRODUCT_BUNDLE_IDENTIFIER = "Mastepan.Lesson3-2";
				PRODUCT_NAME = "$(TARGET_NAME)";
				SWIFT_EMIT_LOC_STRINGS = YES;
				SWIFT_VERSION = 5.0;
				TARGETED_DEVICE_FAMILY = "1,2";
			};
			name = Debug;
		};
		750DA6FD2D294B6C004EBE5E /* Release */ = {
			isa = XCBuildConfiguration;
			buildSettings = {
				ASSETCATALOG_COMPILER_APPICON_NAME = AppIcon;
				ASSETCATALOG_COMPILER_GLOBAL_ACCENT_COLOR_NAME = AccentColor;
				CODE_SIGN_STYLE = Automatic;
				CURRENT_PROJECT_VERSION = 1;
				GENERATE_INFOPLIST_FILE = YES;
				INFOPLIST_FILE = Lesson3_2/Info.plist;
				INFOPLIST_KEY_UIApplicationSupportsIndirectInputEvents = YES;
				INFOPLIST_KEY_UILaunchStoryboardName = LaunchScreen;
				INFOPLIST_KEY_UISupportedInterfaceOrientations = UIInterfaceOrientationPortrait;
				INFOPLIST_KEY_UISupportedInterfaceOrientations_iPad = "UIInterfaceOrientationPortrait UIInterfaceOrientationPortraitUpsideDown UIInterfaceOrientationLandscapeLeft UIInterfaceOrientationLandscapeRight";
				INFOPLIST_KEY_UISupportedInterfaceOrientations_iPhone = "UIInterfaceOrientationPortrait UIInterfaceOrientationLandscapeLeft UIInterfaceOrientationLandscapeRight";
				LD_RUNPATH_SEARCH_PATHS = (
					"$(inherited)",
					"@executable_path/Frameworks",
				);
				MARKETING_VERSION = 1.0;
				PRODUCT_BUNDLE_IDENTIFIER = "Mastepan.Lesson3-2";
				PRODUCT_NAME = "$(TARGET_NAME)";
				SWIFT_EMIT_LOC_STRINGS = YES;
				SWIFT_VERSION = 5.0;
				TARGETED_DEVICE_FAMILY = "1,2";
			};
			name = Release;
		};
/* End XCBuildConfiguration section */

/* Begin XCConfigurationList section */
		750DA6E22D294B66004EBE5E /* Build configuration list for PBXProject "Lesson3_2" */ = {
			isa = XCConfigurationList;
			buildConfigurations = (
				750DA6F92D294B6C004EBE5E /* Debug */,
				750DA6FA2D294B6C004EBE5E /* Release */,
			);
			defaultConfigurationIsVisible = 0;
			defaultConfigurationName = Release;
		};
		750DA6FB2D294B6C004EBE5E /* Build configuration list for PBXNativeTarget "Lesson3_2" */ = {
			isa = XCConfigurationList;
			buildConfigurations = (
				750DA6FC2D294B6C004EBE5E /* Debug */,
				750DA6FD2D294B6C004EBE5E /* Release */,
			);
			defaultConfigurationIsVisible = 0;
			defaultConfigurationName = Release;
		};
/* End XCConfigurationList section */
	};
	rootObject = 750DA6DF2D294B66004EBE5E /* Project object */;
}
